
Microsoft Visual Studio Solution File, Format Version 12.00
# Visual Studio Version 17
VisualStudioVersion = 17.9.34723.18
MinimumVisualStudioVersion = 10.0.40219.1
Project("{8BC9CEB8-8B4A-11D0-8D11-00A0C91BC942}") = "BaseballKata", "BaseballKata\BaseballKata.vcxproj", "{124EA0F8-763E-456F-9420-8ECDE9F960E5}"
EndProject
Global
	GlobalSection(SolutionConfigurationPlatforms) = preSolution
		Debug|x64 = Debug|x64
		Debug|x86 = Debug|x86
		Release|x64 = Release|x64
		Release|x86 = Release|x86
	EndGlobalSection
	GlobalSection(ProjectConfigurationPlatforms) = postSolution
		{124EA0F8-763E-456F-9420-8ECDE9F960E5}.Debug|x64.ActiveCfg = Debug|x64
		{124EA0F8-763E-456F-9420-8ECDE9F960E5}.Debug|x64.Build.0 = Debug|x64
		{124EA0F8-763E-456F-9420-8ECDE9F960E5}.Debug|x86.ActiveCfg = Debug|Win32
		{124EA0F8-763E-456F-9420-8ECDE9F960E5}.Debug|x86.Build.0 = Debug|Win32
		{124EA0F8-763E-456F-9420-8ECDE9F960E5}.Release|x64.ActiveCfg = Release|x64
		{124EA0F8-763E-456F-9420-8ECDE9F960E5}.Release|x64.Build.0 = Release|x64
		{124EA0F8-763E-456F-9420-8ECDE9F960E5}.Release|x86.ActiveCfg = Release|Win32
		{124EA0F8-763E-456F-9420-8ECDE9F960E5}.Release|x86.Build.0 = Release|Win32
	EndGlobalSection
	GlobalSection(SolutionProperties) = preSolution
		HideSolutionNode = FALSE
	EndGlobalSection
	GlobalSection(ExtensibilityGlobals) = postSolution
		SolutionGuid = {2C55E987-3067-43A4-BD83-22C7605C97E4}
	EndGlobalSection
EndGlobal
